
Microsoft Visual Studio Solution File, Format Version 12.00
# Visual Studio Version 16
VisualStudioVersion = 16.0.29201.188
MinimumVisualStudioVersion = 10.0.40219.1
Project("{F184B08F-C81C-45F6-A57F-5ABD9991F28F}") = "25_display_buttons", "25_display_buttons\25_display_buttons.vbproj", "{8E4EE7F2-E583-4637-B32D-8A3478695FDE}"
EndProject
Global
	GlobalSection(SolutionConfigurationPlatforms) = preSolution
		Debug|Any CPU = Debug|Any CPU
		Release|Any CPU = Release|Any CPU
	EndGlobalSection
	GlobalSection(ProjectConfigurationPlatforms) = postSolution
		{8E4EE7F2-E583-4637-B32D-8A3478695FDE}.Debug|Any CPU.ActiveCfg = Debug|Any CPU
		{8E4EE7F2-E583-4637-B32D-8A3478695FDE}.Debug|Any CPU.Build.0 = Debug|Any CPU
		{8E4EE7F2-E583-4637-B32D-8A3478695FDE}.Release|Any CPU.ActiveCfg = Release|Any CPU
		{8E4EE7F2-E583-4637-B32D-8A3478695FDE}.Release|Any CPU.Build.0 = Release|Any CPU
	EndGlobalSection
	GlobalSection(SolutionProperties) = preSolution
		HideSolutionNode = FALSE
	EndGlobalSection
	GlobalSection(ExtensibilityGlobals) = postSolution
		SolutionGuid = {A99E70EC-9020-4E2E-A788-58112D379FEB}
	EndGlobalSection
EndGlobal
